
Microsoft Visual Studio Solution File, Format Version 12.00
# Visual Studio Version 17
VisualStudioVersion = 17.2.32519.379
MinimumVisualStudioVersion = 10.0.40219.1
Project("{FAE04EC0-301F-11D3-BF4B-00C04F79EFBC}") = "ejercicio cola", "ejercicio cola\ejercicio cola.csproj", "{304A8400-A20C-4A4E-AF77-2EE82236C4CA}"
EndProject
Global
	GlobalSection(SolutionConfigurationPlatforms) = preSolution
		Debug|Any CPU = Debug|Any CPU
		Release|Any CPU = Release|Any CPU
	EndGlobalSection
	GlobalSection(ProjectConfigurationPlatforms) = postSolution
		{304A8400-A20C-4A4E-AF77-2EE82236C4CA}.Debug|Any CPU.ActiveCfg = Debug|Any CPU
		{304A8400-A20C-4A4E-AF77-2EE82236C4CA}.Debug|Any CPU.Build.0 = Debug|Any CPU
		{304A8400-A20C-4A4E-AF77-2EE82236C4CA}.Release|Any CPU.ActiveCfg = Release|Any CPU
		{304A8400-A20C-4A4E-AF77-2EE82236C4CA}.Release|Any CPU.Build.0 = Release|Any CPU
	EndGlobalSection
	GlobalSection(SolutionProperties) = preSolution
		HideSolutionNode = FALSE
	EndGlobalSection
	GlobalSection(ExtensibilityGlobals) = postSolution
		SolutionGuid = {F4D6BBB3-C0D9-440F-B6DC-CF514999E4CA}
	EndGlobalSection
EndGlobal
